// !$*UTF8*$!
{
	archiveVersion = 1;
	classes = {
	};
	objectVersion = 56;
	objects = {

/* Begin PBXBuildFile section */
		B00AB8D82BE9C231000F0D12 /* Navigator.swift in Sources */ = {isa = PBXBuildFile; fileRef = B00AB8D72BE9C231000F0D12 /* Navigator.swift */; };
		B00CBAD52BD9DFCF006309F9 /* SwiftUIServerDrivenApp.swift in Sources */ = {isa = PBXBuildFile; fileRef = B00CBAD42BD9DFCF006309F9 /* SwiftUIServerDrivenApp.swift */; };
		B00CBAD72BD9DFCF006309F9 /* ContentView.swift in Sources */ = {isa = PBXBuildFile; fileRef = B00CBAD62BD9DFCF006309F9 /* ContentView.swift */; };
		B00CBAD92BD9DFD0006309F9 /* Assets.xcassets in Resources */ = {isa = PBXBuildFile; fileRef = B00CBAD82BD9DFD0006309F9 /* Assets.xcassets */; };
		B00CBADC2BD9DFD0006309F9 /* Preview Assets.xcassets in Resources */ = {isa = PBXBuildFile; fileRef = B00CBADB2BD9DFD0006309F9 /* Preview Assets.xcassets */; };
		B016A48D2BE2844400BDEC40 /* pet-listing.json in Resources */ = {isa = PBXBuildFile; fileRef = B084B31E2BE1C08B00ADAF9D /* pet-listing.json */; };
		B016A48F2BE2DBBF00BDEC40 /* CarouselUIModel.swift in Sources */ = {isa = PBXBuildFile; fileRef = B016A48E2BE2DBBF00BDEC40 /* CarouselUIModel.swift */; };
		B016A4912BE2DC1E00BDEC40 /* CarouselComponent.swift in Sources */ = {isa = PBXBuildFile; fileRef = B016A4902BE2DC1E00BDEC40 /* CarouselComponent.swift */; };
		B016A4942BE2DE1900BDEC40 /* CarouselView.swift in Sources */ = {isa = PBXBuildFile; fileRef = B016A4932BE2DE1900BDEC40 /* CarouselView.swift */; };
		B016A4972BE46E3E00BDEC40 /* Route.swift in Sources */ = {isa = PBXBuildFile; fileRef = B016A4962BE46E3E00BDEC40 /* Route.swift */; };
		B016A49A2BE46EC100BDEC40 /* Action.swift in Sources */ = {isa = PBXBuildFile; fileRef = B016A4992BE46EC100BDEC40 /* Action.swift */; };
		B03BBE602BDC82F100333ACE /* WebService.swift in Sources */ = {isa = PBXBuildFile; fileRef = B03BBE5F2BDC82F100333ACE /* WebService.swift */; };
		B03BBE632BDC833200333ACE /* Constants.swift in Sources */ = {isa = PBXBuildFile; fileRef = B03BBE622BDC833200333ACE /* Constants.swift */; };
		B03BBE662BDC8A4400333ACE /* ScreenModel.swift in Sources */ = {isa = PBXBuildFile; fileRef = B03BBE652BDC8A4400333ACE /* ScreenModel.swift */; };
		B084B3102BE0840B00ADAF9D /* UIComponent.swift in Sources */ = {isa = PBXBuildFile; fileRef = B084B30F2BE0840B00ADAF9D /* UIComponent.swift */; };
		B084B3122BE0854C00ADAF9D /* FeaturedImageComponent.swift in Sources */ = {isa = PBXBuildFile; fileRef = B084B3112BE0854C00ADAF9D /* FeaturedImageComponent.swift */; };
		B084B3142BE0860600ADAF9D /* FeaturedImageUIModel.swift in Sources */ = {isa = PBXBuildFile; fileRef = B084B3132BE0860600ADAF9D /* FeaturedImageUIModel.swift */; };
		B084B3172BE0877C00ADAF9D /* View+Extensions.swift in Sources */ = {isa = PBXBuildFile; fileRef = B084B3162BE0877C00ADAF9D /* View+Extensions.swift */; };
		B084B31A2BE119CD00ADAF9D /* PetListViewModel.swift in Sources */ = {isa = PBXBuildFile; fileRef = B084B3192BE119CD00ADAF9D /* PetListViewModel.swift */; };
		B084B31C2BE11C4B00ADAF9D /* Dictionary+Extensions.swift in Sources */ = {isa = PBXBuildFile; fileRef = B084B31B2BE11C4B00ADAF9D /* Dictionary+Extensions.swift */; };
		B084B3202BE1C13C00ADAF9D /* NetworkService.swift in Sources */ = {isa = PBXBuildFile; fileRef = B084B31F2BE1C13C00ADAF9D /* NetworkService.swift */; };
		B084B3222BE1C17A00ADAF9D /* LocalService.swift in Sources */ = {isa = PBXBuildFile; fileRef = B084B3212BE1C17A00ADAF9D /* LocalService.swift */; };
		B084B3242BE27B2000ADAF9D /* JSON.swift in Sources */ = {isa = PBXBuildFile; fileRef = B084B3232BE27B2000ADAF9D /* JSON.swift */; };
		B0CBCDB42BEEEF4E0033D69F /* PetDetailScreen.swift in Sources */ = {isa = PBXBuildFile; fileRef = B0CBCDB32BEEEF4E0033D69F /* PetDetailScreen.swift */; };
		B0CBCDB62BEEF07B0033D69F /* PetDetailViewModel.swift in Sources */ = {isa = PBXBuildFile; fileRef = B0CBCDB52BEEF07B0033D69F /* PetDetailViewModel.swift */; };
		B0CBCDB82BEFBB9A0033D69F /* TextRowUiModel.swift in Sources */ = {isa = PBXBuildFile; fileRef = B0CBCDB72BEFBB9A0033D69F /* TextRowUiModel.swift */; };
		B0CBCDBA2BEFBC370033D69F /* TextRowComponent.swift in Sources */ = {isa = PBXBuildFile; fileRef = B0CBCDB92BEFBC370033D69F /* TextRowComponent.swift */; };
		B0CBCDBC2BEFC0D80033D69F /* RatingRowUiModel.swift in Sources */ = {isa = PBXBuildFile; fileRef = B0CBCDBB2BEFC0D80033D69F /* RatingRowUiModel.swift */; };
		B0CBCDBE2BEFC1060033D69F /* RatingRowComponent.swift in Sources */ = {isa = PBXBuildFile; fileRef = B0CBCDBD2BEFC1060033D69F /* RatingRowComponent.swift */; };
		B0CBCDC02BEFC3430033D69F /* RatingView.swift in Sources */ = {isa = PBXBuildFile; fileRef = B0CBCDBF2BEFC3430033D69F /* RatingView.swift */; };
		B0CBCDC22BEFC6AD0033D69F /* pet-detail.json in Resources */ = {isa = PBXBuildFile; fileRef = B0CBCDC12BEFC5450033D69F /* pet-detail.json */; };
/* End PBXBuildFile section */

/* Begin PBXFileReference section */
		B00AB8D72BE9C231000F0D12 /* Navigator.swift */ = {isa = PBXFileReference; lastKnownFileType = sourcecode.swift; path = Navigator.swift; sourceTree = "<group>"; };
		B00CBAD12BD9DFCF006309F9 /* SwiftUIServerDriven.app */ = {isa = PBXFileReference; explicitFileType = wrapper.application; includeInIndex = 0; path = SwiftUIServerDriven.app; sourceTree = BUILT_PRODUCTS_DIR; };
		B00CBAD42BD9DFCF006309F9 /* SwiftUIServerDrivenApp.swift */ = {isa = PBXFileReference; lastKnownFileType = sourcecode.swift; path = SwiftUIServerDrivenApp.swift; sourceTree = "<group>"; };
		B00CBAD62BD9DFCF006309F9 /* ContentView.swift */ = {isa = PBXFileReference; lastKnownFileType = sourcecode.swift; path = ContentView.swift; sourceTree = "<group>"; };
		B00CBAD82BD9DFD0006309F9 /* Assets.xcassets */ = {isa = PBXFileReference; lastKnownFileType = folder.assetcatalog; path = Assets.xcassets; sourceTree = "<group>"; };
		B00CBADB2BD9DFD0006309F9 /* Preview Assets.xcassets */ = {isa = PBXFileReference; lastKnownFileType = folder.assetcatalog; path = "Preview Assets.xcassets"; sourceTree = "<group>"; };
		B016A48E2BE2DBBF00BDEC40 /* CarouselUIModel.swift */ = {isa = PBXFileReference; lastKnownFileType = sourcecode.swift; path = CarouselUIModel.swift; sourceTree = "<group>"; };
		B016A4902BE2DC1E00BDEC40 /* CarouselComponent.swift */ = {isa = PBXFileReference; lastKnownFileType = sourcecode.swift; path = CarouselComponent.swift; sourceTree = "<group>"; };
		B016A4932BE2DE1900BDEC40 /* CarouselView.swift */ = {isa = PBXFileReference; lastKnownFileType = sourcecode.swift; path = CarouselView.swift; sourceTree = "<group>"; };
		B016A4962BE46E3E00BDEC40 /* Route.swift */ = {isa = PBXFileReference; lastKnownFileType = sourcecode.swift; path = Route.swift; sourceTree = "<group>"; };
		B016A4992BE46EC100BDEC40 /* Action.swift */ = {isa = PBXFileReference; lastKnownFileType = sourcecode.swift; path = Action.swift; sourceTree = "<group>"; };
		B03BBE5F2BDC82F100333ACE /* WebService.swift */ = {isa = PBXFileReference; lastKnownFileType = sourcecode.swift; path = WebService.swift; sourceTree = "<group>"; };
		B03BBE622BDC833200333ACE /* Constants.swift */ = {isa = PBXFileReference; lastKnownFileType = sourcecode.swift; path = Constants.swift; sourceTree = "<group>"; };
		B03BBE652BDC8A4400333ACE /* ScreenModel.swift */ = {isa = PBXFileReference; lastKnownFileType = sourcecode.swift; path = ScreenModel.swift; sourceTree = "<group>"; };
		B084B30F2BE0840B00ADAF9D /* UIComponent.swift */ = {isa = PBXFileReference; lastKnownFileType = sourcecode.swift; path = UIComponent.swift; sourceTree = "<group>"; };
		B084B3112BE0854C00ADAF9D /* FeaturedImageComponent.swift */ = {isa = PBXFileReference; lastKnownFileType = sourcecode.swift; path = FeaturedImageComponent.swift; sourceTree = "<group>"; };
		B084B3132BE0860600ADAF9D /* FeaturedImageUIModel.swift */ = {isa = PBXFileReference; lastKnownFileType = sourcecode.swift; path = FeaturedImageUIModel.swift; sourceTree = "<group>"; };
		B084B3162BE0877C00ADAF9D /* View+Extensions.swift */ = {isa = PBXFileReference; lastKnownFileType = sourcecode.swift; path = "View+Extensions.swift"; sourceTree = "<group>"; };
		B084B3192BE119CD00ADAF9D /* PetListViewModel.swift */ = {isa = PBXFileReference; lastKnownFileType = sourcecode.swift; path = PetListViewModel.swift; sourceTree = "<group>"; };
		B084B31B2BE11C4B00ADAF9D /* Dictionary+Extensions.swift */ = {isa = PBXFileReference; lastKnownFileType = sourcecode.swift; path = "Dictionary+Extensions.swift"; sourceTree = "<group>"; };
		B084B31E2BE1C08B00ADAF9D /* pet-listing.json */ = {isa = PBXFileReference; lastKnownFileType = text.json; path = "pet-listing.json"; sourceTree = "<group>"; };
		B084B31F2BE1C13C00ADAF9D /* NetworkService.swift */ = {isa = PBXFileReference; lastKnownFileType = sourcecode.swift; path = NetworkService.swift; sourceTree = "<group>"; };
		B084B3212BE1C17A00ADAF9D /* LocalService.swift */ = {isa = PBXFileReference; lastKnownFileType = sourcecode.swift; path = LocalService.swift; sourceTree = "<group>"; };
		B084B3232BE27B2000ADAF9D /* JSON.swift */ = {isa = PBXFileReference; lastKnownFileType = sourcecode.swift; path = JSON.swift; sourceTree = "<group>"; };
		B0CBCDB32BEEEF4E0033D69F /* PetDetailScreen.swift */ = {isa = PBXFileReference; lastKnownFileType = sourcecode.swift; path = PetDetailScreen.swift; sourceTree = "<group>"; };
		B0CBCDB52BEEF07B0033D69F /* PetDetailViewModel.swift */ = {isa = PBXFileReference; lastKnownFileType = sourcecode.swift; path = PetDetailViewModel.swift; sourceTree = "<group>"; };
		B0CBCDB72BEFBB9A0033D69F /* TextRowUiModel.swift */ = {isa = PBXFileReference; lastKnownFileType = sourcecode.swift; path = TextRowUiModel.swift; sourceTree = "<group>"; };
		B0CBCDB92BEFBC370033D69F /* TextRowComponent.swift */ = {isa = PBXFileReference; lastKnownFileType = sourcecode.swift; path = TextRowComponent.swift; sourceTree = "<group>"; };
		B0CBCDBB2BEFC0D80033D69F /* RatingRowUiModel.swift */ = {isa = PBXFileReference; lastKnownFileType = sourcecode.swift; path = RatingRowUiModel.swift; sourceTree = "<group>"; };
		B0CBCDBD2BEFC1060033D69F /* RatingRowComponent.swift */ = {isa = PBXFileReference; lastKnownFileType = sourcecode.swift; path = RatingRowComponent.swift; sourceTree = "<group>"; };
		B0CBCDBF2BEFC3430033D69F /* RatingView.swift */ = {isa = PBXFileReference; lastKnownFileType = sourcecode.swift; path = RatingView.swift; sourceTree = "<group>"; };
		B0CBCDC12BEFC5450033D69F /* pet-detail.json */ = {isa = PBXFileReference; lastKnownFileType = text.json; path = "pet-detail.json"; sourceTree = "<group>"; };
/* End PBXFileReference section */

/* Begin PBXFrameworksBuildPhase section */
		B00CBACE2BD9DFCF006309F9 /* Frameworks */ = {
			isa = PBXFrameworksBuildPhase;
			buildActionMask = 2147483647;
			files = (
			);
			runOnlyForDeploymentPostprocessing = 0;
		};
/* End PBXFrameworksBuildPhase section */

/* Begin PBXGroup section */
		B00CBAC82BD9DFCF006309F9 = {
			isa = PBXGroup;
			children = (
				B00CBAD32BD9DFCF006309F9 /* SwiftUIServerDriven */,
				B00CBAD22BD9DFCF006309F9 /* Products */,
			);
			sourceTree = "<group>";
		};
		B00CBAD22BD9DFCF006309F9 /* Products */ = {
			isa = PBXGroup;
			children = (
				B00CBAD12BD9DFCF006309F9 /* SwiftUIServerDriven.app */,
			);
			name = Products;
			sourceTree = "<group>";
		};
		B00CBAD32BD9DFCF006309F9 /* SwiftUIServerDriven */ = {
			isa = PBXGroup;
			children = (
				B0CBCDB22BEEEF390033D69F /* Screen */,
				B016A4982BE46E9900BDEC40 /* Actions */,
				B016A4952BE46E1D00BDEC40 /* Navigation */,
				B016A4922BE2DE0100BDEC40 /* Views */,
				B084B31D2BE1C06200ADAF9D /* Mock */,
				B084B3182BE119AF00ADAF9D /* ViewModels */,
				B084B3152BE0876300ADAF9D /* Extensions */,
				B084B30E2BE083F300ADAF9D /* Components */,
				B03BBE642BDC899500333ACE /* UIModels */,
				B03BBE612BDC831D00333ACE /* Utils */,
				B03BBE5E2BDC82D700333ACE /* Services */,
				B00CBAD42BD9DFCF006309F9 /* SwiftUIServerDrivenApp.swift */,
				B00CBAD62BD9DFCF006309F9 /* ContentView.swift */,
				B00CBAD82BD9DFD0006309F9 /* Assets.xcassets */,
				B00CBADA2BD9DFD0006309F9 /* Preview Content */,
			);
			name = SwiftUIServerDriven;
			sourceTree = "<group>";
		};
		B00CBADA2BD9DFD0006309F9 /* Preview Content */ = {
			isa = PBXGroup;
			children = (
				B00CBADB2BD9DFD0006309F9 /* Preview Assets.xcassets */,
			);
			path = "Preview Content";
			sourceTree = "<group>";
		};
		B016A4922BE2DE0100BDEC40 /* Views */ = {
			isa = PBXGroup;
			children = (
				B016A4932BE2DE1900BDEC40 /* CarouselView.swift */,
				B0CBCDBF2BEFC3430033D69F /* RatingView.swift */,
			);
			path = Views;
			sourceTree = "<group>";
		};
		B016A4952BE46E1D00BDEC40 /* Navigation */ = {
			isa = PBXGroup;
			children = (
				B016A4962BE46E3E00BDEC40 /* Route.swift */,
				B00AB8D72BE9C231000F0D12 /* Navigator.swift */,
			);
			path = Navigation;
			sourceTree = "<group>";
		};
		B016A4982BE46E9900BDEC40 /* Actions */ = {
			isa = PBXGroup;
			children = (
				B016A4992BE46EC100BDEC40 /* Action.swift */,
			);
			path = Actions;
			sourceTree = "<group>";
		};
		B03BBE5E2BDC82D700333ACE /* Services */ = {
			isa = PBXGroup;
			children = (
				B03BBE5F2BDC82F100333ACE /* WebService.swift */,
				B084B31F2BE1C13C00ADAF9D /* NetworkService.swift */,
				B084B3212BE1C17A00ADAF9D /* LocalService.swift */,
			);
			path = Services;
			sourceTree = "<group>";
		};
		B03BBE612BDC831D00333ACE /* Utils */ = {
			isa = PBXGroup;
			children = (
				B03BBE622BDC833200333ACE /* Constants.swift */,
			);
			path = Utils;
			sourceTree = "<group>";
		};
		B03BBE642BDC899500333ACE /* UIModels */ = {
			isa = PBXGroup;
			children = (
				B03BBE652BDC8A4400333ACE /* ScreenModel.swift */,
				B084B3132BE0860600ADAF9D /* FeaturedImageUIModel.swift */,
				B084B3232BE27B2000ADAF9D /* JSON.swift */,
				B016A48E2BE2DBBF00BDEC40 /* CarouselUIModel.swift */,
				B0CBCDB72BEFBB9A0033D69F /* TextRowUiModel.swift */,
				B0CBCDBB2BEFC0D80033D69F /* RatingRowUiModel.swift */,
			);
			path = UIModels;
			sourceTree = "<group>";
		};
		B084B30E2BE083F300ADAF9D /* Components */ = {
			isa = PBXGroup;
			children = (
				B084B30F2BE0840B00ADAF9D /* UIComponent.swift */,
				B084B3112BE0854C00ADAF9D /* FeaturedImageComponent.swift */,
				B016A4902BE2DC1E00BDEC40 /* CarouselComponent.swift */,
				B0CBCDB92BEFBC370033D69F /* TextRowComponent.swift */,
				B0CBCDBD2BEFC1060033D69F /* RatingRowComponent.swift */,
			);
			path = Components;
			sourceTree = "<group>";
		};
		B084B3152BE0876300ADAF9D /* Extensions */ = {
			isa = PBXGroup;
			children = (
				B084B3162BE0877C00ADAF9D /* View+Extensions.swift */,
				B084B31B2BE11C4B00ADAF9D /* Dictionary+Extensions.swift */,
			);
			path = Extensions;
			sourceTree = "<group>";
		};
		B084B3182BE119AF00ADAF9D /* ViewModels */ = {
			isa = PBXGroup;
			children = (
				B084B3192BE119CD00ADAF9D /* PetListViewModel.swift */,
				B0CBCDB52BEEF07B0033D69F /* PetDetailViewModel.swift */,
			);
			path = ViewModels;
			sourceTree = "<group>";
		};
		B084B31D2BE1C06200ADAF9D /* Mock */ = {
			isa = PBXGroup;
			children = (
				B084B31E2BE1C08B00ADAF9D /* pet-listing.json */,
				B0CBCDC12BEFC5450033D69F /* pet-detail.json */,
			);
			path = Mock;
			sourceTree = "<group>";
		};
		B0CBCDB22BEEEF390033D69F /* Screen */ = {
			isa = PBXGroup;
			children = (
				B0CBCDB32BEEEF4E0033D69F /* PetDetailScreen.swift */,
			);
			path = Screen;
			sourceTree = "<group>";
		};
/* End PBXGroup section */

/* Begin PBXNativeTarget section */
		B00CBAD02BD9DFCF006309F9 /* SwiftUIServerDriven */ = {
			isa = PBXNativeTarget;
			buildConfigurationList = B00CBADF2BD9DFD0006309F9 /* Build configuration list for PBXNativeTarget "SwiftUIServerDriven" */;
			buildPhases = (
				B00CBACD2BD9DFCF006309F9 /* Sources */,
				B00CBACE2BD9DFCF006309F9 /* Frameworks */,
				B00CBACF2BD9DFCF006309F9 /* Resources */,
			);
			buildRules = (
			);
			dependencies = (
			);
			name = SwiftUIServerDriven;
			productName = SwiftUIServerDriven;
			productReference = B00CBAD12BD9DFCF006309F9 /* SwiftUIServerDriven.app */;
			productType = "com.apple.product-type.application";
		};
/* End PBXNativeTarget section */

/* Begin PBXProject section */
		B00CBAC92BD9DFCF006309F9 /* Project object */ = {
			isa = PBXProject;
			attributes = {
				BuildIndependentTargetsInParallel = 1;
				LastSwiftUpdateCheck = 1530;
				LastUpgradeCheck = 1530;
				TargetAttributes = {
					B00CBAD02BD9DFCF006309F9 = {
						CreatedOnToolsVersion = 15.3;
					};
				};
			};
			buildConfigurationList = B00CBACC2BD9DFCF006309F9 /* Build configuration list for PBXProject "SwiftUIServerDriven" */;
			compatibilityVersion = "Xcode 14.0";
			developmentRegion = en;
			hasScannedForEncodings = 0;
			knownRegions = (
				en,
				Base,
			);
			mainGroup = B00CBAC82BD9DFCF006309F9;
			productRefGroup = B00CBAD22BD9DFCF006309F9 /* Products */;
			projectDirPath = "";
			projectRoot = "";
			targets = (
				B00CBAD02BD9DFCF006309F9 /* SwiftUIServerDriven */,
			);
		};
/* End PBXProject section */

/* Begin PBXResourcesBuildPhase section */
		B00CBACF2BD9DFCF006309F9 /* Resources */ = {
			isa = PBXResourcesBuildPhase;
			buildActionMask = 2147483647;
			files = (
				B0CBCDC22BEFC6AD0033D69F /* pet-detail.json in Resources */,
				B00CBADC2BD9DFD0006309F9 /* Preview Assets.xcassets in Resources */,
				B016A48D2BE2844400BDEC40 /* pet-listing.json in Resources */,
				B00CBAD92BD9DFD0006309F9 /* Assets.xcassets in Resources */,
			);
			runOnlyForDeploymentPostprocessing = 0;
		};
/* End PBXResourcesBuildPhase section */

/* Begin PBXSourcesBuildPhase section */
		B00CBACD2BD9DFCF006309F9 /* Sources */ = {
			isa = PBXSourcesBuildPhase;
			buildActionMask = 2147483647;
			files = (
				B084B3222BE1C17A00ADAF9D /* LocalService.swift in Sources */,
				B0CBCDBA2BEFBC370033D69F /* TextRowComponent.swift in Sources */,
				B00AB8D82BE9C231000F0D12 /* Navigator.swift in Sources */,
				B0CBCDC02BEFC3430033D69F /* RatingView.swift in Sources */,
				B016A49A2BE46EC100BDEC40 /* Action.swift in Sources */,
				B0CBCDBC2BEFC0D80033D69F /* RatingRowUiModel.swift in Sources */,
				B084B3242BE27B2000ADAF9D /* JSON.swift in Sources */,
				B03BBE602BDC82F100333ACE /* WebService.swift in Sources */,
				B016A4912BE2DC1E00BDEC40 /* CarouselComponent.swift in Sources */,
				B084B3172BE0877C00ADAF9D /* View+Extensions.swift in Sources */,
				B0CBCDB62BEEF07B0033D69F /* PetDetailViewModel.swift in Sources */,
				B084B3102BE0840B00ADAF9D /* UIComponent.swift in Sources */,
				B084B3122BE0854C00ADAF9D /* FeaturedImageComponent.swift in Sources */,
				B016A4942BE2DE1900BDEC40 /* CarouselView.swift in Sources */,
				B084B31A2BE119CD00ADAF9D /* PetListViewModel.swift in Sources */,
				B016A4972BE46E3E00BDEC40 /* Route.swift in Sources */,
				B03BBE662BDC8A4400333ACE /* ScreenModel.swift in Sources */,
				B00CBAD72BD9DFCF006309F9 /* ContentView.swift in Sources */,
				B016A48F2BE2DBBF00BDEC40 /* CarouselUIModel.swift in Sources */,
				B00CBAD52BD9DFCF006309F9 /* SwiftUIServerDrivenApp.swift in Sources */,
				B0CBCDB42BEEEF4E0033D69F /* PetDetailScreen.swift in Sources */,
				B03BBE632BDC833200333ACE /* Constants.swift in Sources */,
				B084B3142BE0860600ADAF9D /* FeaturedImageUIModel.swift in Sources */,
				B084B3202BE1C13C00ADAF9D /* NetworkService.swift in Sources */,
				B0CBCDBE2BEFC1060033D69F /* RatingRowComponent.swift in Sources */,
				B084B31C2BE11C4B00ADAF9D /* Dictionary+Extensions.swift in Sources */,
				B0CBCDB82BEFBB9A0033D69F /* TextRowUiModel.swift in Sources */,
			);
			runOnlyForDeploymentPostprocessing = 0;
		};
/* End PBXSourcesBuildPhase section */

/* Begin XCBuildConfiguration section */
		B00CBADD2BD9DFD0006309F9 /* Debug */ = {
			isa = XCBuildConfiguration;
			buildSettings = {
				ALWAYS_SEARCH_USER_PATHS = NO;
				ASSETCATALOG_COMPILER_GENERATE_SWIFT_ASSET_SYMBOL_EXTENSIONS = YES;
				CLANG_ANALYZER_NONNULL = YES;
				CLANG_ANALYZER_NUMBER_OBJECT_CONVERSION = YES_AGGRESSIVE;
				CLANG_CXX_LANGUAGE_STANDARD = "gnu++20";
				CLANG_ENABLE_MODULES = YES;
				CLANG_ENABLE_OBJC_ARC = YES;
				CLANG_ENABLE_OBJC_WEAK = YES;
				CLANG_WARN_BLOCK_CAPTURE_AUTORELEASING = YES;
				CLANG_WARN_BOOL_CONVERSION = YES;
				CLANG_WARN_COMMA = YES;
				CLANG_WARN_CONSTANT_CONVERSION = YES;
				CLANG_WARN_DEPRECATED_OBJC_IMPLEMENTATIONS = YES;
				CLANG_WARN_DIRECT_OBJC_ISA_USAGE = YES_ERROR;
				CLANG_WARN_DOCUMENTATION_COMMENTS = YES;
				CLANG_WARN_EMPTY_BODY = YES;
				CLANG_WARN_ENUM_CONVERSION = YES;
				CLANG_WARN_INFINITE_RECURSION = YES;
				CLANG_WARN_INT_CONVERSION = YES;
				CLANG_WARN_NON_LITERAL_NULL_CONVERSION = YES;
				CLANG_WARN_OBJC_IMPLICIT_RETAIN_SELF = YES;
				CLANG_WARN_OBJC_LITERAL_CONVERSION = YES;
				CLANG_WARN_OBJC_ROOT_CLASS = YES_ERROR;
				CLANG_WARN_QUOTED_INCLUDE_IN_FRAMEWORK_HEADER = YES;
				CLANG_WARN_RANGE_LOOP_ANALYSIS = YES;
				CLANG_WARN_STRICT_PROTOTYPES = YES;
				CLANG_WARN_SUSPICIOUS_MOVE = YES;
				CLANG_WARN_UNGUARDED_AVAILABILITY = YES_AGGRESSIVE;
				CLANG_WARN_UNREACHABLE_CODE = YES;
				CLANG_WARN__DUPLICATE_METHOD_MATCH = YES;
				COPY_PHASE_STRIP = NO;
				DEBUG_INFORMATION_FORMAT = dwarf;
				ENABLE_STRICT_OBJC_MSGSEND = YES;
				ENABLE_TESTABILITY = YES;
				ENABLE_USER_SCRIPT_SANDBOXING = YES;
				GCC_C_LANGUAGE_STANDARD = gnu17;
				GCC_DYNAMIC_NO_PIC = NO;
				GCC_NO_COMMON_BLOCKS = YES;
				GCC_OPTIMIZATION_LEVEL = 0;
				GCC_PREPROCESSOR_DEFINITIONS = (
					"DEBUG=1",
					"$(inherited)",
				);
				GCC_WARN_64_TO_32_BIT_CONVERSION = YES;
				GCC_WARN_ABOUT_RETURN_TYPE = YES_ERROR;
				GCC_WARN_UNDECLARED_SELECTOR = YES;
				GCC_WARN_UNINITIALIZED_AUTOS = YES_AGGRESSIVE;
				GCC_WARN_UNUSED_FUNCTION = YES;
				GCC_WARN_UNUSED_VARIABLE = YES;
				IPHONEOS_DEPLOYMENT_TARGET = 17.4;
				LOCALIZATION_PREFERS_STRING_CATALOGS = YES;
				MTL_ENABLE_DEBUG_INFO = INCLUDE_SOURCE;
				MTL_FAST_MATH = YES;
				ONLY_ACTIVE_ARCH = YES;
				SDKROOT = iphoneos;
				SWIFT_ACTIVE_COMPILATION_CONDITIONS = "DEBUG $(inherited)";
				SWIFT_OPTIMIZATION_LEVEL = "-Onone";
			};
			name = Debug;
		};
		B00CBADE2BD9DFD0006309F9 /* Release */ = {
			isa = XCBuildConfiguration;
			buildSettings = {
				ALWAYS_SEARCH_USER_PATHS = NO;
				ASSETCATALOG_COMPILER_GENERATE_SWIFT_ASSET_SYMBOL_EXTENSIONS = YES;
				CLANG_ANALYZER_NONNULL = YES;
				CLANG_ANALYZER_NUMBER_OBJECT_CONVERSION = YES_AGGRESSIVE;
				CLANG_CXX_LANGUAGE_STANDARD = "gnu++20";
				CLANG_ENABLE_MODULES = YES;
				CLANG_ENABLE_OBJC_ARC = YES;
				CLANG_ENABLE_OBJC_WEAK = YES;
				CLANG_WARN_BLOCK_CAPTURE_AUTORELEASING = YES;
				CLANG_WARN_BOOL_CONVERSION = YES;
				CLANG_WARN_COMMA = YES;
				CLANG_WARN_CONSTANT_CONVERSION = YES;
				CLANG_WARN_DEPRECATED_OBJC_IMPLEMENTATIONS = YES;
				CLANG_WARN_DIRECT_OBJC_ISA_USAGE = YES_ERROR;
				CLANG_WARN_DOCUMENTATION_COMMENTS = YES;
				CLANG_WARN_EMPTY_BODY = YES;
				CLANG_WARN_ENUM_CONVERSION = YES;
				CLANG_WARN_INFINITE_RECURSION = YES;
				CLANG_WARN_INT_CONVERSION = YES;
				CLANG_WARN_NON_LITERAL_NULL_CONVERSION = YES;
				CLANG_WARN_OBJC_IMPLICIT_RETAIN_SELF = YES;
				CLANG_WARN_OBJC_LITERAL_CONVERSION = YES;
				CLANG_WARN_OBJC_ROOT_CLASS = YES_ERROR;
				CLANG_WARN_QUOTED_INCLUDE_IN_FRAMEWORK_HEADER = YES;
				CLANG_WARN_RANGE_LOOP_ANALYSIS = YES;
				CLANG_WARN_STRICT_PROTOTYPES = YES;
				CLANG_WARN_SUSPICIOUS_MOVE = YES;
				CLANG_WARN_UNGUARDED_AVAILABILITY = YES_AGGRESSIVE;
				CLANG_WARN_UNREACHABLE_CODE = YES;
				CLANG_WARN__DUPLICATE_METHOD_MATCH = YES;
				COPY_PHASE_STRIP = NO;
				DEBUG_INFORMATION_FORMAT = "dwarf-with-dsym";
				ENABLE_NS_ASSERTIONS = NO;
				ENABLE_STRICT_OBJC_MSGSEND = YES;
				ENABLE_USER_SCRIPT_SANDBOXING = YES;
				GCC_C_LANGUAGE_STANDARD = gnu17;
				GCC_NO_COMMON_BLOCKS = YES;
				GCC_WARN_64_TO_32_BIT_CONVERSION = YES;
				GCC_WARN_ABOUT_RETURN_TYPE = YES_ERROR;
				GCC_WARN_UNDECLARED_SELECTOR = YES;
				GCC_WARN_UNINITIALIZED_AUTOS = YES_AGGRESSIVE;
				GCC_WARN_UNUSED_FUNCTION = YES;
				GCC_WARN_UNUSED_VARIABLE = YES;
				IPHONEOS_DEPLOYMENT_TARGET = 17.4;
				LOCALIZATION_PREFERS_STRING_CATALOGS = YES;
				MTL_ENABLE_DEBUG_INFO = NO;
				MTL_FAST_MATH = YES;
				SDKROOT = iphoneos;
				SWIFT_COMPILATION_MODE = wholemodule;
				VALIDATE_PRODUCT = YES;
			};
			name = Release;
		};
		B00CBAE02BD9DFD0006309F9 /* Debug */ = {
			isa = XCBuildConfiguration;
			buildSettings = {
				ASSETCATALOG_COMPILER_APPICON_NAME = AppIcon;
				ASSETCATALOG_COMPILER_GLOBAL_ACCENT_COLOR_NAME = AccentColor;
				CODE_SIGN_STYLE = Automatic;
				CURRENT_PROJECT_VERSION = 1;
				DEVELOPMENT_ASSET_PATHS = "\"Preview Content\"";
				ENABLE_PREVIEWS = YES;
				GENERATE_INFOPLIST_FILE = YES;
				INFOPLIST_KEY_UIApplicationSceneManifest_Generation = YES;
				INFOPLIST_KEY_UIApplicationSupportsIndirectInputEvents = YES;
				INFOPLIST_KEY_UILaunchScreen_Generation = YES;
				INFOPLIST_KEY_UISupportedInterfaceOrientations_iPad = "UIInterfaceOrientationPortrait UIInterfaceOrientationPortraitUpsideDown UIInterfaceOrientationLandscapeLeft UIInterfaceOrientationLandscapeRight";
				INFOPLIST_KEY_UISupportedInterfaceOrientations_iPhone = "UIInterfaceOrientationPortrait UIInterfaceOrientationLandscapeLeft UIInterfaceOrientationLandscapeRight";
				LD_RUNPATH_SEARCH_PATHS = (
					"$(inherited)",
					"@executable_path/Frameworks",
				);
				MARKETING_VERSION = 1.0;
				PRODUCT_BUNDLE_IDENTIFIER = br.com.mauricio.SwiftUIServerDriven;
				PRODUCT_NAME = "$(TARGET_NAME)";
				SWIFT_EMIT_LOC_STRINGS = YES;
				SWIFT_VERSION = 5.0;
				TARGETED_DEVICE_FAMILY = "1,2";
			};
			name = Debug;
		};
		B00CBAE12BD9DFD0006309F9 /* Release */ = {
			isa = XCBuildConfiguration;
			buildSettings = {
				ASSETCATALOG_COMPILER_APPICON_NAME = AppIcon;
				ASSETCATALOG_COMPILER_GLOBAL_ACCENT_COLOR_NAME = AccentColor;
				CODE_SIGN_STYLE = Automatic;
				CURRENT_PROJECT_VERSION = 1;
				DEVELOPMENT_ASSET_PATHS = "\"Preview Content\"";
				ENABLE_PREVIEWS = YES;
				GENERATE_INFOPLIST_FILE = YES;
				INFOPLIST_KEY_UIApplicationSceneManifest_Generation = YES;
				INFOPLIST_KEY_UIApplicationSupportsIndirectInputEvents = YES;
				INFOPLIST_KEY_UILaunchScreen_Generation = YES;
				INFOPLIST_KEY_UISupportedInterfaceOrientations_iPad = "UIInterfaceOrientationPortrait UIInterfaceOrientationPortraitUpsideDown UIInterfaceOrientationLandscapeLeft UIInterfaceOrientationLandscapeRight";
				INFOPLIST_KEY_UISupportedInterfaceOrientations_iPhone = "UIInterfaceOrientationPortrait UIInterfaceOrientationLandscapeLeft UIInterfaceOrientationLandscapeRight";
				LD_RUNPATH_SEARCH_PATHS = (
					"$(inherited)",
					"@executable_path/Frameworks",
				);
				MARKETING_VERSION = 1.0;
				PRODUCT_BUNDLE_IDENTIFIER = br.com.mauricio.SwiftUIServerDriven;
				PRODUCT_NAME = "$(TARGET_NAME)";
				SWIFT_EMIT_LOC_STRINGS = YES;
				SWIFT_VERSION = 5.0;
				TARGETED_DEVICE_FAMILY = "1,2";
			};
			name = Release;
		};
/* End XCBuildConfiguration section */

/* Begin XCConfigurationList section */
		B00CBACC2BD9DFCF006309F9 /* Build configuration list for PBXProject "SwiftUIServerDriven" */ = {
			isa = XCConfigurationList;
			buildConfigurations = (
				B00CBADD2BD9DFD0006309F9 /* Debug */,
				B00CBADE2BD9DFD0006309F9 /* Release */,
			);
			defaultConfigurationIsVisible = 0;
			defaultConfigurationName = Release;
		};
		B00CBADF2BD9DFD0006309F9 /* Build configuration list for PBXNativeTarget "SwiftUIServerDriven" */ = {
			isa = XCConfigurationList;
			buildConfigurations = (
				B00CBAE02BD9DFD0006309F9 /* Debug */,
				B00CBAE12BD9DFD0006309F9 /* Release */,
			);
			defaultConfigurationIsVisible = 0;
			defaultConfigurationName = Release;
		};
/* End XCConfigurationList section */
	};
	rootObject = B00CBAC92BD9DFCF006309F9 /* Project object */;
}
